<?xml version="1.0" encoding="utf-8"?>
<Project ToolsVersion="4.0" xmlns="http://schemas.microsoft.com/developer/msbuild/2003">
  <ItemGroup>
    <Filter Include="Source Files">
      <UniqueIdentifier>{4FC737F1-C7A5-4376-A066-2A32D752A2FF}</UniqueIdentifier>
      <Extensions>cpp;c;cc;cxx;def;odl;idl;hpj;bat;asm;asmx</Extensions>
    </Filter>
    <Filter Include="Header Files">
      <UniqueIdentifier>{93995380-89BD-4b04-88EB-625FBE52EBFB}</UniqueIdentifier>
      <Extensions>h;hh;hpp;hxx;hm;inl;inc;xsd</Extensions>
    </Filter>
    <Filter Include="Resource Files">
      <UniqueIdentifier>{67DA6AB6-F800-4c08-8B7A-83BB121AAD01}</UniqueIdentifier>
      <Extensions>rc;ico;cur;bmp;dlg;rc2;rct;bin;rgs;gif;jpg;jpeg;jpe;resx;tiff;tif;png;wav;mfcribbon-ms</Extensions>
    </Filter>
    <Filter Include="Header Files\structures">
      <UniqueIdentifier>{e2e611ba-1522-4243-8c86-32b7fa8c63b0}</UniqueIdentifier>
    </Filter>
    <Filter Include="Source Files\structures">
      <UniqueIdentifier>{2e11807c-0ca5-43db-9118-9241e357f71b}</UniqueIdentifier>
    </Filter>
    <Filter Include="Header Files\tests">
      <UniqueIdentifier>{1ca0fa3d-c668-4e21-a208-1645414c3a44}</UniqueIdentifier>
    </Filter>
    <Filter Include="Source Files\tests">
      <UniqueIdentifier>{05e4cceb-7146-4f8f-b4fd-a05ceae2895a}</UniqueIdentifier>
    </Filter>
    <Filter Include="Header Files\interface">
      <UniqueIdentifier>{3d4ce671-4ffd-453a-ac5b-9957e9cc66db}</UniqueIdentifier>
    </Filter>
    <Filter Include="Source Files\interface">
      <UniqueIdentifier>{59f1f46b-62ba-4881-8eae-b0754194cf87}</UniqueIdentifier>
    </Filter>
    <Filter Include="Header Files\helper">
      <UniqueIdentifier>{b3b12eab-fb31-4034-b48f-2742d26bd716}</UniqueIdentifier>
    </Filter>
    <Filter Include="Source Files\helper">
      <UniqueIdentifier>{2f4c1640-0593-4179-84e4-e0e56dfcc92b}</UniqueIdentifier>
    </Filter>
  </ItemGroup>
  <ItemGroup>
    <ClCompile Include="Source.cpp">
      <Filter>Source Files</Filter>
    </ClCompile>
    <ClCompile Include="Array.cpp">
      <Filter>Source Files\structures</Filter>
    </ClCompile>
    <ClCompile Include="ArrayTesting.cpp">
      <Filter>Source Files\tests</Filter>
    </ClCompile>
    <ClCompile Include="BDList.cpp">
      <Filter>Source Files\structures</Filter>
    </ClCompile>
    <ClCompile Include="BDListTesting.cpp">
      <Filter>Source Files\tests</Filter>
    </ClCompile>
    <ClCompile Include="CLInterfaceCommon.cpp">
      <Filter>Source Files\interface</Filter>
    </ClCompile>
    <ClCompile Include="CLInterfaceArray.cpp">
      <Filter>Source Files\interface</Filter>
    </ClCompile>
    <ClCompile Include="CLInterfaceBDList.cpp">
      <Filter>Source Files\interface</Filter>
    </ClCompile>
    <ClCompile Include="HeapTesting.cpp">
      <Filter>Source Files\tests</Filter>
    </ClCompile>
    <ClCompile Include="Heap.cpp">
      <Filter>Source Files\structures</Filter>
    </ClCompile>
    <ClCompile Include="FileReader.cpp">
      <Filter>Source Files\helper</Filter>
    </ClCompile>
    <ClCompile Include="Timer.cpp">
      <Filter>Source Files\helper</Filter>
    </ClCompile>
    <ClCompile Include="Printer.cpp">
      <Filter>Source Files\helper</Filter>
    </ClCompile>
    <ClCompile Include="CLInterfaceHeap.cpp">
      <Filter>Source Files\interface</Filter>
    </ClCompile>
    <ClCompile Include="CLInterfaceTest.cpp">
      <Filter>Source Files\interface</Filter>
    </ClCompile>
  </ItemGroup>
  <ItemGroup>
    <ClInclude Include="Array.h">
      <Filter>Header Files\structures</Filter>
    </ClInclude>
    <ClInclude Include="ArrayTesting.h">
      <Filter>Header Files\tests</Filter>
    </ClInclude>
    <ClInclude Include="Type.h">
      <Filter>Header Files</Filter>
    </ClInclude>
    <ClInclude Include="BDList.h">
      <Filter>Header Files\structures</Filter>
    </ClInclude>
    <ClInclude Include="BDListNode.h">
      <Filter>Header Files\structures</Filter>
    </ClInclude>
    <ClInclude Include="BDListTesting.h">
      <Filter>Header Files\tests</Filter>
    </ClInclude>
    <ClInclude Include="CLInterface.h">
      <Filter>Header Files\interface</Filter>
    </ClInclude>
    <ClInclude Include="Heap.h">
      <Filter>Header Files\structures</Filter>
    </ClInclude>
    <ClInclude Include="HeapTesting.h">
      <Filter>Header Files\tests</Filter>
    </ClInclude>
    <ClInclude Include="FileReader.h">
      <Filter>Header Files\helper</Filter>
    </ClInclude>
    <ClInclude Include="Timer.h">
      <Filter>Header Files\helper</Filter>
    </ClInclude>
    <ClInclude Include="Printer.h">
      <Filter>Header Files\helper</Filter>
    </ClInclude>
  </ItemGroup>
</Project>